{
  "version": 4,
  "terraform_version": "1.12.2",
  "serial": 1,
  "lineage": "6768c5ee-addb-cd7f-e202-4231f887afd7",
  "outputs": {
    "aks_cluster_name": {
      "value": "aks-shopfer",
      "type": "string"
    },
    "resource_group_name": {
      "value": "rg-shopfer-aks",
      "type": "string"
    }
  },
  "resources": [
    {
      "mode": "managed",
      "type": "azurerm_resource_group",
      "name": "aks_rg",
      "provider": "provider[\"registry.terraform.io/hashicorp/azurerm\"]",
      "instances": [
        {
          "schema_version": 0,
          "attributes": {
            "id": "/subscriptions/65f544ad-4916-4701-ae6f-8fd23737cc0d/resourceGroups/rg-shopfer-aks",
            "location": "francecentral",
            "managed_by": "",
            "name": "rg-shopfer-aks",
            "tags": {
              "Environment": "Dev",
              "Project": "ShopFer"
            },
            "timeouts": null
          },
          "sensitive_attributes": [],
          "identity_schema_version": 0,
          "private": "eyJlMmJmYjczMC1lY2FhLTExZTYtOGY4OC0zNDM2M2JjN2M0YzAiOnsiY3JlYXRlIjo1NDAwMDAwMDAwMDAwLCJkZWxldGUiOjU0MDAwMDAwMDAwMDAsInJlYWQiOjMwMDAwMDAwMDAwMCwidXBkYXRlIjo1NDAwMDAwMDAwMDAwfX0="
        }
      ]
    }
  ],
  "check_results": null
}
